// !$*UTF8*$!
{
	archiveVersion = 1;
	classes = {
	};
	objectVersion = 46;
	objects = {

/* Begin PBXBuildFile section */
		F351007B1D58EF5700C294D7 /* main.cpp in Sources */ = {isa = PBXBuildFile; fileRef = F351007A1D58EF5700C294D7 /* main.cpp */; };
		F35100861D591C8100C294D7 /* YRJObject.cpp in Sources */ = {isa = PBXBuildFile; fileRef = F35100841D591C8100C294D7 /* YRJObject.cpp */; };
		F362A0C31D664B1600FA79C9 /* coreTaxonomyB.cpp in Sources */ = {isa = PBXBuildFile; fileRef = F362A0C21D664B1600FA79C9 /* coreTaxonomyB.cpp */; };
		F3AF037D1D6AB2CC00F37C04 /* comments.cpp in Sources */ = {isa = PBXBuildFile; fileRef = F3AF037C1D6AB2CC00F37C04 /* comments.cpp */; };
		F3B433951D592375002D83B5 /* HashedNode.cpp in Sources */ = {isa = PBXBuildFile; fileRef = F3B433931D592375002D83B5 /* HashedNode.cpp */; };
		F3B4339D1D5A48BB002D83B5 /* CoreTaxonomer.cpp in Sources */ = {isa = PBXBuildFile; fileRef = F3B4339B1D5A48BB002D83B5 /* CoreTaxonomer.cpp */; };
		F3BE9D551D5D1AE6001EF519 /* Tree.cpp in Sources */ = {isa = PBXBuildFile; fileRef = F3BE9D531D5D1AE6001EF519 /* Tree.cpp */; };
		F3BE9D581D5D1B02001EF519 /* TreeNode.cpp in Sources */ = {isa = PBXBuildFile; fileRef = F3BE9D561D5D1B02001EF519 /* TreeNode.cpp */; };
		F3BE9D5E1D620FC3001EF519 /* helpers.cpp in Sources */ = {isa = PBXBuildFile; fileRef = F3BE9D5C1D620FC3001EF519 /* helpers.cpp */; };
/* End PBXBuildFile section */

/* Begin PBXCopyFilesBuildPhase section */
		F35100751D58EF5700C294D7 /* CopyFiles */ = {
			isa = PBXCopyFilesBuildPhase;
			buildActionMask = 2147483647;
			dstPath = /usr/share/man/man1/;
			dstSubfolderSpec = 0;
			files = (
			);
			runOnlyForDeploymentPostprocessing = 1;
		};
/* End PBXCopyFilesBuildPhase section */

/* Begin PBXFileReference section */
		F35100771D58EF5700C294D7 /* unieativeTaxonomer */ = {isa = PBXFileReference; explicitFileType = "compiled.mach-o.executable"; includeInIndex = 0; path = unieativeTaxonomer; sourceTree = BUILT_PRODUCTS_DIR; };
		F351007A1D58EF5700C294D7 /* main.cpp */ = {isa = PBXFileReference; lastKnownFileType = sourcecode.cpp.cpp; path = main.cpp; sourceTree = "<group>"; };
		F35100811D58F21800C294D7 /* headers.h */ = {isa = PBXFileReference; fileEncoding = 4; lastKnownFileType = sourcecode.c.h; path = headers.h; sourceTree = "<group>"; };
		F35100821D5903DC00C294D7 /* Configurations.h */ = {isa = PBXFileReference; lastKnownFileType = sourcecode.c.h; path = Configurations.h; sourceTree = "<group>"; };
		F35100841D591C8100C294D7 /* YRJObject.cpp */ = {isa = PBXFileReference; fileEncoding = 4; lastKnownFileType = sourcecode.cpp.cpp; path = YRJObject.cpp; sourceTree = "<group>"; };
		F35100851D591C8100C294D7 /* YRJObject.hpp */ = {isa = PBXFileReference; fileEncoding = 4; lastKnownFileType = sourcecode.cpp.h; path = YRJObject.hpp; sourceTree = "<group>"; };
		F362A0C21D664B1600FA79C9 /* coreTaxonomyB.cpp */ = {isa = PBXFileReference; fileEncoding = 4; lastKnownFileType = sourcecode.cpp.cpp; path = coreTaxonomyB.cpp; sourceTree = "<group>"; };
		F3AF037C1D6AB2CC00F37C04 /* comments.cpp */ = {isa = PBXFileReference; fileEncoding = 4; lastKnownFileType = sourcecode.cpp.cpp; path = comments.cpp; sourceTree = "<group>"; };
		F3B433931D592375002D83B5 /* HashedNode.cpp */ = {isa = PBXFileReference; fileEncoding = 4; lastKnownFileType = sourcecode.cpp.cpp; path = HashedNode.cpp; sourceTree = "<group>"; };
		F3B433941D592375002D83B5 /* HashedNode.hpp */ = {isa = PBXFileReference; fileEncoding = 4; lastKnownFileType = sourcecode.cpp.h; path = HashedNode.hpp; sourceTree = "<group>"; };
		F3B4339B1D5A48BB002D83B5 /* CoreTaxonomer.cpp */ = {isa = PBXFileReference; fileEncoding = 4; lastKnownFileType = sourcecode.cpp.cpp; path = CoreTaxonomer.cpp; sourceTree = "<group>"; };
		F3B4339C1D5A48BB002D83B5 /* CoreTaxonomer.hpp */ = {isa = PBXFileReference; fileEncoding = 4; lastKnownFileType = sourcecode.cpp.h; path = CoreTaxonomer.hpp; sourceTree = "<group>"; };
		F3BE9D531D5D1AE6001EF519 /* Tree.cpp */ = {isa = PBXFileReference; fileEncoding = 4; lastKnownFileType = sourcecode.cpp.cpp; path = Tree.cpp; sourceTree = "<group>"; };
		F3BE9D541D5D1AE6001EF519 /* Tree.hpp */ = {isa = PBXFileReference; fileEncoding = 4; lastKnownFileType = sourcecode.cpp.h; path = Tree.hpp; sourceTree = "<group>"; };
		F3BE9D561D5D1B02001EF519 /* TreeNode.cpp */ = {isa = PBXFileReference; fileEncoding = 4; lastKnownFileType = sourcecode.cpp.cpp; path = TreeNode.cpp; sourceTree = "<group>"; };
		F3BE9D571D5D1B02001EF519 /* TreeNode.hpp */ = {isa = PBXFileReference; fileEncoding = 4; lastKnownFileType = sourcecode.cpp.h; path = TreeNode.hpp; sourceTree = "<group>"; };
		F3BE9D5C1D620FC3001EF519 /* helpers.cpp */ = {isa = PBXFileReference; fileEncoding = 4; lastKnownFileType = sourcecode.cpp.cpp; path = helpers.cpp; sourceTree = "<group>"; };
		F3BE9D5D1D620FC3001EF519 /* helpers.hpp */ = {isa = PBXFileReference; fileEncoding = 4; lastKnownFileType = sourcecode.cpp.h; path = helpers.hpp; sourceTree = "<group>"; };
/* End PBXFileReference section */

/* Begin PBXFrameworksBuildPhase section */
		F35100741D58EF5700C294D7 /* Frameworks */ = {
			isa = PBXFrameworksBuildPhase;
			buildActionMask = 2147483647;
			files = (
			);
			runOnlyForDeploymentPostprocessing = 0;
		};
/* End PBXFrameworksBuildPhase section */

/* Begin PBXGroup section */
		F351006E1D58EF5700C294D7 = {
			isa = PBXGroup;
			children = (
				F3AF037C1D6AB2CC00F37C04 /* comments.cpp */,
				F35100791D58EF5700C294D7 /* unieativeTaxonomer */,
				F35100781D58EF5700C294D7 /* Products */,
			);
			sourceTree = "<group>";
		};
		F35100781D58EF5700C294D7 /* Products */ = {
			isa = PBXGroup;
			children = (
				F35100771D58EF5700C294D7 /* unieativeTaxonomer */,
			);
			name = Products;
			sourceTree = "<group>";
		};
		F35100791D58EF5700C294D7 /* unieativeTaxonomer */ = {
			isa = PBXGroup;
			children = (
				F362A0C21D664B1600FA79C9 /* coreTaxonomyB.cpp */,
				F3BE9D5C1D620FC3001EF519 /* helpers.cpp */,
				F3BE9D5D1D620FC3001EF519 /* helpers.hpp */,
				F3B4339B1D5A48BB002D83B5 /* CoreTaxonomer.cpp */,
				F3B4339C1D5A48BB002D83B5 /* CoreTaxonomer.hpp */,
				F35100831D591BB800C294D7 /* YRJReader */,
				F35100811D58F21800C294D7 /* headers.h */,
				F351007A1D58EF5700C294D7 /* main.cpp */,
				F35100821D5903DC00C294D7 /* Configurations.h */,
				F3B433931D592375002D83B5 /* HashedNode.cpp */,
				F3B433941D592375002D83B5 /* HashedNode.hpp */,
				F3BE9D531D5D1AE6001EF519 /* Tree.cpp */,
				F3BE9D541D5D1AE6001EF519 /* Tree.hpp */,
				F3BE9D561D5D1B02001EF519 /* TreeNode.cpp */,
				F3BE9D571D5D1B02001EF519 /* TreeNode.hpp */,
			);
			path = unieativeTaxonomer;
			sourceTree = "<group>";
		};
		F35100831D591BB800C294D7 /* YRJReader */ = {
			isa = PBXGroup;
			children = (
				F35100841D591C8100C294D7 /* YRJObject.cpp */,
				F35100851D591C8100C294D7 /* YRJObject.hpp */,
			);
			name = YRJReader;
			sourceTree = "<group>";
		};
/* End PBXGroup section */

/* Begin PBXNativeTarget section */
		F35100761D58EF5700C294D7 /* unieativeTaxonomer */ = {
			isa = PBXNativeTarget;
			buildConfigurationList = F351007E1D58EF5700C294D7 /* Build configuration list for PBXNativeTarget "unieativeTaxonomer" */;
			buildPhases = (
				F35100731D58EF5700C294D7 /* Sources */,
				F35100741D58EF5700C294D7 /* Frameworks */,
				F35100751D58EF5700C294D7 /* CopyFiles */,
			);
			buildRules = (
			);
			dependencies = (
			);
			name = unieativeTaxonomer;
			productName = unieativeTaxonomer;
			productReference = F35100771D58EF5700C294D7 /* unieativeTaxonomer */;
			productType = "com.apple.product-type.tool";
		};
/* End PBXNativeTarget section */

/* Begin PBXProject section */
		F351006F1D58EF5700C294D7 /* Project object */ = {
			isa = PBXProject;
			attributes = {
				LastUpgradeCheck = 0730;
				ORGANIZATIONNAME = "Younies Mahmoud";
				TargetAttributes = {
					F35100761D58EF5700C294D7 = {
						CreatedOnToolsVersion = 7.3.1;
					};
				};
			};
			buildConfigurationList = F35100721D58EF5700C294D7 /* Build configuration list for PBXProject "unieativeTaxonomer" */;
			compatibilityVersion = "Xcode 3.2";
			developmentRegion = English;
			hasScannedForEncodings = 0;
			knownRegions = (
				en,
			);
			mainGroup = F351006E1D58EF5700C294D7;
			productRefGroup = F35100781D58EF5700C294D7 /* Products */;
			projectDirPath = "";
			projectRoot = "";
			targets = (
				F35100761D58EF5700C294D7 /* unieativeTaxonomer */,
			);
		};
/* End PBXProject section */

/* Begin PBXSourcesBuildPhase section */
		F35100731D58EF5700C294D7 /* Sources */ = {
			isa = PBXSourcesBuildPhase;
			buildActionMask = 2147483647;
			files = (
				F3B4339D1D5A48BB002D83B5 /* CoreTaxonomer.cpp in Sources */,
				F3B433951D592375002D83B5 /* HashedNode.cpp in Sources */,
				F3BE9D551D5D1AE6001EF519 /* Tree.cpp in Sources */,
				F3AF037D1D6AB2CC00F37C04 /* comments.cpp in Sources */,
				F35100861D591C8100C294D7 /* YRJObject.cpp in Sources */,
				F362A0C31D664B1600FA79C9 /* coreTaxonomyB.cpp in Sources */,
				F3BE9D581D5D1B02001EF519 /* TreeNode.cpp in Sources */,
				F351007B1D58EF5700C294D7 /* main.cpp in Sources */,
				F3BE9D5E1D620FC3001EF519 /* helpers.cpp in Sources */,
			);
			runOnlyForDeploymentPostprocessing = 0;
		};
/* End PBXSourcesBuildPhase section */

/* Begin XCBuildConfiguration section */
		F351007C1D58EF5700C294D7 /* Debug */ = {
			isa = XCBuildConfiguration;
			buildSettings = {
				ALWAYS_SEARCH_USER_PATHS = NO;
				CLANG_ANALYZER_NONNULL = YES;
				CLANG_CXX_LANGUAGE_STANDARD = "gnu++0x";
				CLANG_CXX_LIBRARY = "libc++";
				CLANG_ENABLE_MODULES = YES;
				CLANG_ENABLE_OBJC_ARC = YES;
				CLANG_WARN_BOOL_CONVERSION = YES;
				CLANG_WARN_CONSTANT_CONVERSION = YES;
				CLANG_WARN_DIRECT_OBJC_ISA_USAGE = YES_ERROR;
				CLANG_WARN_EMPTY_BODY = YES;
				CLANG_WARN_ENUM_CONVERSION = YES;
				CLANG_WARN_INT_CONVERSION = YES;
				CLANG_WARN_OBJC_ROOT_CLASS = YES_ERROR;
				CLANG_WARN_UNREACHABLE_CODE = YES;
				CLANG_WARN__DUPLICATE_METHOD_MATCH = YES;
				CODE_SIGN_IDENTITY = "-";
				COPY_PHASE_STRIP = NO;
				DEBUG_INFORMATION_FORMAT = dwarf;
				ENABLE_STRICT_OBJC_MSGSEND = YES;
				ENABLE_TESTABILITY = YES;
				GCC_C_LANGUAGE_STANDARD = gnu99;
				GCC_DYNAMIC_NO_PIC = NO;
				GCC_NO_COMMON_BLOCKS = YES;
				GCC_OPTIMIZATION_LEVEL = 0;
				GCC_PREPROCESSOR_DEFINITIONS = (
					"DEBUG=1",
					"$(inherited)",
				);
				GCC_WARN_64_TO_32_BIT_CONVERSION = YES;
				GCC_WARN_ABOUT_RETURN_TYPE = YES_ERROR;
				GCC_WARN_UNDECLARED_SELECTOR = YES;
				GCC_WARN_UNINITIALIZED_AUTOS = YES_AGGRESSIVE;
				GCC_WARN_UNUSED_FUNCTION = YES;
				GCC_WARN_UNUSED_VARIABLE = YES;
				MACOSX_DEPLOYMENT_TARGET = 10.11;
				MTL_ENABLE_DEBUG_INFO = YES;
				ONLY_ACTIVE_ARCH = YES;
				SDKROOT = macosx;
			};
			name = Debug;
		};
		F351007D1D58EF5700C294D7 /* Release */ = {
			isa = XCBuildConfiguration;
			buildSettings = {
				ALWAYS_SEARCH_USER_PATHS = NO;
				CLANG_ANALYZER_NONNULL = YES;
				CLANG_CXX_LANGUAGE_STANDARD = "gnu++0x";
				CLANG_CXX_LIBRARY = "libc++";
				CLANG_ENABLE_MODULES = YES;
				CLANG_ENABLE_OBJC_ARC = YES;
				CLANG_WARN_BOOL_CONVERSION = YES;
				CLANG_WARN_CONSTANT_CONVERSION = YES;
				CLANG_WARN_DIRECT_OBJC_ISA_USAGE = YES_ERROR;
				CLANG_WARN_EMPTY_BODY = YES;
				CLANG_WARN_ENUM_CONVERSION = YES;
				CLANG_WARN_INT_CONVERSION = YES;
				CLANG_WARN_OBJC_ROOT_CLASS = YES_ERROR;
				CLANG_WARN_UNREACHABLE_CODE = YES;
				CLANG_WARN__DUPLICATE_METHOD_MATCH = YES;
				CODE_SIGN_IDENTITY = "-";
				COPY_PHASE_STRIP = NO;
				DEBUG_INFORMATION_FORMAT = "dwarf-with-dsym";
				ENABLE_NS_ASSERTIONS = NO;
				ENABLE_STRICT_OBJC_MSGSEND = YES;
				GCC_C_LANGUAGE_STANDARD = gnu99;
				GCC_NO_COMMON_BLOCKS = YES;
				GCC_WARN_64_TO_32_BIT_CONVERSION = YES;
				GCC_WARN_ABOUT_RETURN_TYPE = YES_ERROR;
				GCC_WARN_UNDECLARED_SELECTOR = YES;
				GCC_WARN_UNINITIALIZED_AUTOS = YES_AGGRESSIVE;
				GCC_WARN_UNUSED_FUNCTION = YES;
				GCC_WARN_UNUSED_VARIABLE = YES;
				MACOSX_DEPLOYMENT_TARGET = 10.11;
				MTL_ENABLE_DEBUG_INFO = NO;
				SDKROOT = macosx;
			};
			name = Release;
		};
		F351007F1D58EF5700C294D7 /* Debug */ = {
			isa = XCBuildConfiguration;
			buildSettings = {
				PRODUCT_NAME = "$(TARGET_NAME)";
			};
			name = Debug;
		};
		F35100801D58EF5700C294D7 /* Release */ = {
			isa = XCBuildConfiguration;
			buildSettings = {
				PRODUCT_NAME = "$(TARGET_NAME)";
			};
			name = Release;
		};
/* End XCBuildConfiguration section */

/* Begin XCConfigurationList section */
		F35100721D58EF5700C294D7 /* Build configuration list for PBXProject "unieativeTaxonomer" */ = {
			isa = XCConfigurationList;
			buildConfigurations = (
				F351007C1D58EF5700C294D7 /* Debug */,
				F351007D1D58EF5700C294D7 /* Release */,
			);
			defaultConfigurationIsVisible = 0;
			defaultConfigurationName = Release;
		};
		F351007E1D58EF5700C294D7 /* Build configuration list for PBXNativeTarget "unieativeTaxonomer" */ = {
			isa = XCConfigurationList;
			buildConfigurations = (
				F351007F1D58EF5700C294D7 /* Debug */,
				F35100801D58EF5700C294D7 /* Release */,
			);
			defaultConfigurationIsVisible = 0;
			defaultConfigurationName = Release;
		};
/* End XCConfigurationList section */
	};
	rootObject = F351006F1D58EF5700C294D7 /* Project object */;
}
